
Microsoft Visual Studio Solution File, Format Version 11.00
# Visual Studio 2010
Project("{FAE04EC0-301F-11D3-BF4B-00C04F79EFBC}") = "NightlyBuild", "NightlyBuild.csproj", "{C56F1DEC-42D3-46C6-9C94-8EA193E9C798}"
EndProject
Project("{FAE04EC0-301F-11D3-BF4B-00C04F79EFBC}") = "CIBuild", "CIBuild.csproj", "{912ACA97-DCF3-45F0-9999-1FC49D1B8CF8}"
EndProject
Project("{FAE04EC0-301F-11D3-BF4B-00C04F79EFBC}") = "Fastperformtests", "Fastperformtests.csproj", "{BCB12574-7630-4B97-81AC-D432C2C332AF}"
EndProject
Global
	GlobalSection(TeamFoundationVersionControl) = preSolution
		SccNumberOfProjects = 4
		SccEnterpriseProvider = {4CA58AB2-18FA-4F8D-95D4-32DDF27D184C}
		SccTeamFoundationServer = http://sede-tfs:8080/tfs/coe-ii
		SccLocalPath0 = .
		SccProjectUniqueName1 = NightlyBuild.csproj
		SccLocalPath1 = .
		SccProjectUniqueName2 = CIBuild.csproj
		SccLocalPath2 = .
		SccProjectUniqueName3 = Fastperformtests.csproj
		SccLocalPath3 = .
	EndGlobalSection
	GlobalSection(SolutionConfigurationPlatforms) = preSolution
		Debug|x64 = Debug|x64
		Release|x64 = Release|x64
	EndGlobalSection
	GlobalSection(ProjectConfigurationPlatforms) = postSolution
		{C56F1DEC-42D3-46C6-9C94-8EA193E9C798}.Debug|x64.ActiveCfg = Release|x64
		{C56F1DEC-42D3-46C6-9C94-8EA193E9C798}.Debug|x64.Build.0 = Release|x64
		{C56F1DEC-42D3-46C6-9C94-8EA193E9C798}.Release|x64.ActiveCfg = Release|x64
		{C56F1DEC-42D3-46C6-9C94-8EA193E9C798}.Release|x64.Build.0 = Release|x64
		{912ACA97-DCF3-45F0-9999-1FC49D1B8CF8}.Debug|x64.ActiveCfg = Release|x64
		{912ACA97-DCF3-45F0-9999-1FC49D1B8CF8}.Debug|x64.Build.0 = Release|x64
		{912ACA97-DCF3-45F0-9999-1FC49D1B8CF8}.Release|x64.ActiveCfg = Release|x64
		{912ACA97-DCF3-45F0-9999-1FC49D1B8CF8}.Release|x64.Build.0 = Release|x64
		{BCB12574-7630-4B97-81AC-D432C2C332AF}.Debug|x64.ActiveCfg = Release|x64
		{BCB12574-7630-4B97-81AC-D432C2C332AF}.Debug|x64.Build.0 = Release|x64
		{BCB12574-7630-4B97-81AC-D432C2C332AF}.Release|x64.ActiveCfg = Release|x64
		{BCB12574-7630-4B97-81AC-D432C2C332AF}.Release|x64.Build.0 = Release|x64
	EndGlobalSection
	GlobalSection(SolutionProperties) = preSolution
		HideSolutionNode = FALSE
	EndGlobalSection
EndGlobal
