
Microsoft Visual Studio Solution File, Format Version 11.00
# Visual Studio 2010
Project("{FAE04EC0-301F-11D3-BF4B-00C04F79EFBC}") = "RegressionTest-V2", "RegressionTest-V2.csproj", "{DDDC5E9F-908A-41F7-BF1B-A9AA032D83DE}"
EndProject
Project("{2150E333-8FDC-42A3-9474-1A3956D46DE8}") = "Solution Items", "Solution Items", "{BA7AF4E5-142D-42CE-BC2D-495E1D44C7B9}"
	ProjectSection(SolutionItems) = preProject
		Local.testsettings = Local.testsettings
		RegressionTest-V2.vsmdi = RegressionTest-V2.vsmdi
		TraceAndTestImpact.testsettings = TraceAndTestImpact.testsettings
	EndProjectSection
EndProject
Global
	GlobalSection(TeamFoundationVersionControl) = preSolution
		SccNumberOfProjects = 2
		SccEnterpriseProvider = {4CA58AB2-18FA-4F8D-95D4-32DDF27D184C}
		SccTeamFoundationServer = https://tfs.sede-coe.pds.nl/tfs/coe-ii
		SccLocalPath0 = .
		SccProjectUniqueName1 = RegressionTest-V2.csproj
		SccLocalPath1 = .
	EndGlobalSection
	GlobalSection(TestCaseManagementSettings) = postSolution
		CategoryFile = RegressionTest-V2.vsmdi
	EndGlobalSection
	GlobalSection(SolutionConfigurationPlatforms) = preSolution
		Debug|Any CPU = Debug|Any CPU
		Release|Any CPU = Release|Any CPU
	EndGlobalSection
	GlobalSection(ProjectConfigurationPlatforms) = postSolution
		{DDDC5E9F-908A-41F7-BF1B-A9AA032D83DE}.Debug|Any CPU.ActiveCfg = Debug|Any CPU
		{DDDC5E9F-908A-41F7-BF1B-A9AA032D83DE}.Debug|Any CPU.Build.0 = Debug|Any CPU
		{DDDC5E9F-908A-41F7-BF1B-A9AA032D83DE}.Release|Any CPU.ActiveCfg = Release|Any CPU
		{DDDC5E9F-908A-41F7-BF1B-A9AA032D83DE}.Release|Any CPU.Build.0 = Release|Any CPU
	EndGlobalSection
	GlobalSection(SolutionProperties) = preSolution
		HideSolutionNode = FALSE
	EndGlobalSection
EndGlobal
