
Microsoft Visual Studio Solution File, Format Version 11.00
# Visual Studio 2010
Project("{8BC9CEB8-8B4A-11D0-8D11-00A0C91BC942}") = "4DPrototype", "4DPrototype\4DPrototype.vcxproj", "{2A70DC34-66E2-4AA3-8006-288C815A1B3B}"
	ProjectSection(ProjectDependencies) = postProject
		{5D7E3616-B024-414A-A027-294D19403E21} = {5D7E3616-B024-414A-A027-294D19403E21}
	EndProjectSection
EndProject
Project("{8BC9CEB8-8B4A-11D0-8D11-00A0C91BC942}") = "Visualization", "Visualization\Visualization.vcxproj", "{5D7E3616-B024-414A-A027-294D19403E21}"
EndProject
Project("{8BC9CEB8-8B4A-11D0-8D11-00A0C91BC942}") = "RenderService", "RenderService\RenderService.vcxproj", "{AF3495B6-F38C-4928-B2A2-331C3B16FB87}"
	ProjectSection(ProjectDependencies) = postProject
		{3EDF0255-A77E-4385-B8D5-8CCCF78AE719} = {3EDF0255-A77E-4385-B8D5-8CCCF78AE719}
	EndProjectSection
EndProject
Project("{2150E333-8FDC-42A3-9474-1A3956D46DE8}") = "Solution Items", "Solution Items", "{A411B4BB-6117-49FC-B5D5-B1542C340794}"
	ProjectSection(SolutionItems) = preProject
		Performance1.psess = Performance1.psess
	EndProjectSection
EndProject
Project("{8BC9CEB8-8B4A-11D0-8D11-00A0C91BC942}") = "QtService", "QtService\QtService.vcxproj", "{3EDF0255-A77E-4385-B8D5-8CCCF78AE719}"
EndProject
Global
	GlobalSection(TeamFoundationVersionControl) = preSolution
		SccNumberOfProjects = 5
		SccEnterpriseProvider = {4CA58AB2-18FA-4F8D-95D4-32DDF27D184C}
		SccTeamFoundationServer = https://tfs.sede-coe.pds.nl/tfs/coe-ii
		SccLocalPath0 = .
		SccProjectUniqueName1 = 4DPrototype\\4DPrototype.vcxproj
		SccProjectName1 = 4DPrototype
		SccLocalPath1 = 4DPrototype
		SccProjectUniqueName2 = Visualization\\Visualization.vcxproj
		SccProjectName2 = Visualization
		SccLocalPath2 = Visualization
		SccProjectUniqueName3 = RenderService\\RenderService.vcxproj
		SccProjectName3 = RenderService
		SccLocalPath3 = RenderService
		SccProjectUniqueName4 = QtService\\QtService.vcxproj
		SccProjectName4 = QtService
		SccLocalPath4 = QtService
	EndGlobalSection
	GlobalSection(SolutionConfigurationPlatforms) = preSolution
		Debug|Win32 = Debug|Win32
		Debug|x64 = Debug|x64
		Release|Win32 = Release|Win32
		Release|x64 = Release|x64
	EndGlobalSection
	GlobalSection(ProjectConfigurationPlatforms) = postSolution
		{2A70DC34-66E2-4AA3-8006-288C815A1B3B}.Debug|Win32.ActiveCfg = Debug|Win32
		{2A70DC34-66E2-4AA3-8006-288C815A1B3B}.Debug|Win32.Build.0 = Debug|Win32
		{2A70DC34-66E2-4AA3-8006-288C815A1B3B}.Debug|x64.ActiveCfg = Debug|x64
		{2A70DC34-66E2-4AA3-8006-288C815A1B3B}.Debug|x64.Build.0 = Debug|x64
		{2A70DC34-66E2-4AA3-8006-288C815A1B3B}.Release|Win32.ActiveCfg = Release|Win32
		{2A70DC34-66E2-4AA3-8006-288C815A1B3B}.Release|Win32.Build.0 = Release|Win32
		{2A70DC34-66E2-4AA3-8006-288C815A1B3B}.Release|x64.ActiveCfg = Release|x64
		{2A70DC34-66E2-4AA3-8006-288C815A1B3B}.Release|x64.Build.0 = Release|x64
		{5D7E3616-B024-414A-A027-294D19403E21}.Debug|Win32.ActiveCfg = Debug|Win32
		{5D7E3616-B024-414A-A027-294D19403E21}.Debug|Win32.Build.0 = Debug|Win32
		{5D7E3616-B024-414A-A027-294D19403E21}.Debug|x64.ActiveCfg = Debug|x64
		{5D7E3616-B024-414A-A027-294D19403E21}.Debug|x64.Build.0 = Debug|x64
		{5D7E3616-B024-414A-A027-294D19403E21}.Release|Win32.ActiveCfg = Release|Win32
		{5D7E3616-B024-414A-A027-294D19403E21}.Release|Win32.Build.0 = Release|Win32
		{5D7E3616-B024-414A-A027-294D19403E21}.Release|x64.ActiveCfg = Release|x64
		{5D7E3616-B024-414A-A027-294D19403E21}.Release|x64.Build.0 = Release|x64
		{AF3495B6-F38C-4928-B2A2-331C3B16FB87}.Debug|Win32.ActiveCfg = Debug|Win32
		{AF3495B6-F38C-4928-B2A2-331C3B16FB87}.Debug|Win32.Build.0 = Debug|Win32
		{AF3495B6-F38C-4928-B2A2-331C3B16FB87}.Debug|x64.ActiveCfg = Debug|x64
		{AF3495B6-F38C-4928-B2A2-331C3B16FB87}.Debug|x64.Build.0 = Debug|x64
		{AF3495B6-F38C-4928-B2A2-331C3B16FB87}.Release|Win32.ActiveCfg = Release|Win32
		{AF3495B6-F38C-4928-B2A2-331C3B16FB87}.Release|Win32.Build.0 = Release|Win32
		{AF3495B6-F38C-4928-B2A2-331C3B16FB87}.Release|x64.ActiveCfg = Release|x64
		{AF3495B6-F38C-4928-B2A2-331C3B16FB87}.Release|x64.Build.0 = Release|x64
		{3EDF0255-A77E-4385-B8D5-8CCCF78AE719}.Debug|Win32.ActiveCfg = Debug|Win32
		{3EDF0255-A77E-4385-B8D5-8CCCF78AE719}.Debug|Win32.Build.0 = Debug|Win32
		{3EDF0255-A77E-4385-B8D5-8CCCF78AE719}.Debug|x64.ActiveCfg = Debug|x64
		{3EDF0255-A77E-4385-B8D5-8CCCF78AE719}.Debug|x64.Build.0 = Debug|x64
		{3EDF0255-A77E-4385-B8D5-8CCCF78AE719}.Release|Win32.ActiveCfg = Release|Win32
		{3EDF0255-A77E-4385-B8D5-8CCCF78AE719}.Release|Win32.Build.0 = Release|Win32
		{3EDF0255-A77E-4385-B8D5-8CCCF78AE719}.Release|x64.ActiveCfg = Release|x64
		{3EDF0255-A77E-4385-B8D5-8CCCF78AE719}.Release|x64.Build.0 = Release|x64
	EndGlobalSection
	GlobalSection(SolutionProperties) = preSolution
		HideSolutionNode = FALSE
	EndGlobalSection
EndGlobal
